
Microsoft Visual Studio Solution File, Format Version 12.00
# Visual Studio Version 17
VisualStudioVersion = 17.3.32929.385
MinimumVisualStudioVersion = 10.0.40219.1
Project("{FAE04EC0-301F-11D3-BF4B-00C04F79EFBC}") = "InvoiceManagement", "InvoiceManagement\InvoiceManagement.csproj", "{3A6C6700-0F8C-46EE-BAB3-4B07F09BFF96}"
EndProject
Global
	GlobalSection(SolutionConfigurationPlatforms) = preSolution
		Debug|Any CPU = Debug|Any CPU
		Release|Any CPU = Release|Any CPU
	EndGlobalSection
	GlobalSection(ProjectConfigurationPlatforms) = postSolution
		{3A6C6700-0F8C-46EE-BAB3-4B07F09BFF96}.Debug|Any CPU.ActiveCfg = Debug|Any CPU
		{3A6C6700-0F8C-46EE-BAB3-4B07F09BFF96}.Debug|Any CPU.Build.0 = Debug|Any CPU
		{3A6C6700-0F8C-46EE-BAB3-4B07F09BFF96}.Release|Any CPU.ActiveCfg = Release|Any CPU
		{3A6C6700-0F8C-46EE-BAB3-4B07F09BFF96}.Release|Any CPU.Build.0 = Release|Any CPU
	EndGlobalSection
	GlobalSection(SolutionProperties) = preSolution
		HideSolutionNode = FALSE
	EndGlobalSection
	GlobalSection(ExtensibilityGlobals) = postSolution
		SolutionGuid = {28101F3F-1D98-4BA1-B8F8-7052A8703B03}
	EndGlobalSection
EndGlobal
